
Microsoft Visual Studio Solution File, Format Version 12.00
Project("{2150E333-8FDC-42A3-9474-1A3956D46DE8}") = "src", "src", "{0B892F13-43B9-4FE0-B78C-8FB00B23E20E}"
EndProject
Project("{2150E333-8FDC-42A3-9474-1A3956D46DE8}") = "Domain", "Domain", "{66502D53-BD11-4F9D-9E1C-0B5ADCCC6749}"
EndProject
Project("{2150E333-8FDC-42A3-9474-1A3956D46DE8}") = "Application", "Application", "{F9F662B8-FAFC-4A15-84D1-C780CDFF498F}"
EndProject
Project("{2150E333-8FDC-42A3-9474-1A3956D46DE8}") = "Infrastructure", "Infrastructure", "{47586B3B-FD1D-4807-8F3F-153914BD5FAC}"
EndProject
Project("{2150E333-8FDC-42A3-9474-1A3956D46DE8}") = "Host", "Host", "{EB642520-CB4C-4EC6-9237-629961D14DB6}"
EndProject
Project("{FAE04EC0-301F-11D3-BF4B-00C04F79EFBC}") = "UrlShortener.Application", "src\Application\UrlShortener.Application\UrlShortener.Application.csproj", "{B11009C8-C7B4-4B52-8921-C6D817F108F6}"
EndProject
Project("{FAE04EC0-301F-11D3-BF4B-00C04F79EFBC}") = "UrlShortener.Host", "src\Host\UrlShortener.Host\UrlShortener.Host.csproj", "{087F9860-C4F2-4F47-A54B-64F7095DA56A}"
EndProject
Project("{FAE04EC0-301F-11D3-BF4B-00C04F79EFBC}") = "UrlShortener.Domain", "src\Domain\UrlShortener.Domain\UrlShortener.Domain.csproj", "{573D6F6B-096C-497C-A93B-2A336323BDEF}"
EndProject
Project("{FAE04EC0-301F-11D3-BF4B-00C04F79EFBC}") = "UrlShortener.Infrastructure.EfCore.Postgres", "src\Infrastructure\UrlShortener.Infrastructure.EfCore.Postgres\UrlShortener.Infrastructure.EfCore.Postgres.csproj", "{E8FDA9CA-599A-4B74-8E8F-15F9D2817EB5}"
EndProject
Project("{FAE04EC0-301F-11D3-BF4B-00C04F79EFBC}") = "UrlShortener.Infrastructure.EfCore.SqlServer", "src\Infrastructure\UrlShortener.Infrastructure.EfCore.SqlServer\UrlShortener.Infrastructure.EfCore.SqlServer.csproj", "{74710902-0619-49D3-8673-611BF96F9B0C}"
EndProject
Project("{FAE04EC0-301F-11D3-BF4B-00C04F79EFBC}") = "UrlShortener.Infrastructure.MongoDB", "src\Infrastructure\UrlShortener.Infrastructure.MongoDB\UrlShortener.Infrastructure.MongoDB.csproj", "{3EA010C6-E0B7-4278-8BA8-D92A821CDEA5}"
EndProject
Project("{FAE04EC0-301F-11D3-BF4B-00C04F79EFBC}") = "UrlShortener.Infrastructure.Core", "src\Infrastructure\UrlShortener.Infrastructure.Core\UrlShortener.Infrastructure.Core.csproj", "{5382725B-37E2-4E14-AF62-76757E7A6FA2}"
EndProject
Project("{FAE04EC0-301F-11D3-BF4B-00C04F79EFBC}") = "UrlShortener.Infrastructure.Masstransit.InMemory", "src\Infrastructure\UrlShortener.Infrastructure.Masstransit.InMemory\UrlShortener.Infrastructure.Masstransit.InMemory.csproj", "{846B3F1A-4EE0-4247-AA5A-42B0066162D0}"
EndProject
Project("{FAE04EC0-301F-11D3-BF4B-00C04F79EFBC}") = "UrlShortener.Infrastructure.Masstransit", "src\Infrastructure\UrlShortener.Infrastructure.Masstransit\UrlShortener.Infrastructure.Masstransit.csproj", "{3EBEADCB-503B-4E5E-B7BE-5AE64E900659}"
EndProject
Project("{FAE04EC0-301F-11D3-BF4B-00C04F79EFBC}") = "UrlShortener.Infrastructure", "src\Infrastructure\UrlShortener.Infrastructure\UrlShortener.Infrastructure.csproj", "{B9FCDFC0-ACC6-4641-B191-07080B6A9134}"
EndProject
Project("{FAE04EC0-301F-11D3-BF4B-00C04F79EFBC}") = "UrlShortener.Infrastructure.Masstransit.RabbitMq", "src\Infrastructure\UrlShortener.Infrastructure.Masstransit.RabbitMq\UrlShortener.Infrastructure.Masstransit.RabbitMq.csproj", "{B173595B-C434-4582-B55F-28465AEEB6F1}"
EndProject
Project("{2150E333-8FDC-42A3-9474-1A3956D46DE8}") = "tests", "tests", "{0AB3BF05-4346-4AA6-1389-037BE0695223}"
EndProject
Project("{FAE04EC0-301F-11D3-BF4B-00C04F79EFBC}") = "UrlShortener.Domain.Tests", "tests\UrlShortener.Domain.Tests\UrlShortener.Domain.Tests.csproj", "{7F3341B6-96BF-4E72-B2A8-C99A4996C14C}"
EndProject
Project("{FAE04EC0-301F-11D3-BF4B-00C04F79EFBC}") = "UrlShortener.Application.Tests", "tests\UrlShortener.Application.Tests\UrlShortener.Application.Tests.csproj", "{04239179-3BBD-455D-B292-72860185000A}"
EndProject
Project("{FAE04EC0-301F-11D3-BF4B-00C04F79EFBC}") = "UrlShortener.Infrastructure.Tests", "tests\UrlShortener.Infrastructure.Tests\UrlShortener.Infrastructure.Tests.csproj", "{2A60AFC1-3ECF-49C7-BD7D-63B2F1D9FFFB}"
EndProject
Global
	GlobalSection(SolutionConfigurationPlatforms) = preSolution
		Debug|Any CPU = Debug|Any CPU
		Debug|x64 = Debug|x64
		Debug|x86 = Debug|x86
		Release|Any CPU = Release|Any CPU
		Release|x64 = Release|x64
		Release|x86 = Release|x86
	EndGlobalSection
	GlobalSection(ProjectConfigurationPlatforms) = postSolution
		{B11009C8-C7B4-4B52-8921-C6D817F108F6}.Debug|Any CPU.ActiveCfg = Debug|Any CPU
		{B11009C8-C7B4-4B52-8921-C6D817F108F6}.Debug|Any CPU.Build.0 = Debug|Any CPU
		{B11009C8-C7B4-4B52-8921-C6D817F108F6}.Debug|x64.ActiveCfg = Debug|Any CPU
		{B11009C8-C7B4-4B52-8921-C6D817F108F6}.Debug|x64.Build.0 = Debug|Any CPU
		{B11009C8-C7B4-4B52-8921-C6D817F108F6}.Debug|x86.ActiveCfg = Debug|Any CPU
		{B11009C8-C7B4-4B52-8921-C6D817F108F6}.Debug|x86.Build.0 = Debug|Any CPU
		{B11009C8-C7B4-4B52-8921-C6D817F108F6}.Release|Any CPU.ActiveCfg = Release|Any CPU
		{B11009C8-C7B4-4B52-8921-C6D817F108F6}.Release|Any CPU.Build.0 = Release|Any CPU
		{B11009C8-C7B4-4B52-8921-C6D817F108F6}.Release|x64.ActiveCfg = Release|Any CPU
		{B11009C8-C7B4-4B52-8921-C6D817F108F6}.Release|x64.Build.0 = Release|Any CPU
		{B11009C8-C7B4-4B52-8921-C6D817F108F6}.Release|x86.ActiveCfg = Release|Any CPU
		{B11009C8-C7B4-4B52-8921-C6D817F108F6}.Release|x86.Build.0 = Release|Any CPU
		{087F9860-C4F2-4F47-A54B-64F7095DA56A}.Debug|Any CPU.ActiveCfg = Debug|Any CPU
		{087F9860-C4F2-4F47-A54B-64F7095DA56A}.Debug|Any CPU.Build.0 = Debug|Any CPU
		{087F9860-C4F2-4F47-A54B-64F7095DA56A}.Debug|x64.ActiveCfg = Debug|Any CPU
		{087F9860-C4F2-4F47-A54B-64F7095DA56A}.Debug|x64.Build.0 = Debug|Any CPU
		{087F9860-C4F2-4F47-A54B-64F7095DA56A}.Debug|x86.ActiveCfg = Debug|Any CPU
		{087F9860-C4F2-4F47-A54B-64F7095DA56A}.Debug|x86.Build.0 = Debug|Any CPU
		{087F9860-C4F2-4F47-A54B-64F7095DA56A}.Release|Any CPU.ActiveCfg = Release|Any CPU
		{087F9860-C4F2-4F47-A54B-64F7095DA56A}.Release|Any CPU.Build.0 = Release|Any CPU
		{087F9860-C4F2-4F47-A54B-64F7095DA56A}.Release|x64.ActiveCfg = Release|Any CPU
		{087F9860-C4F2-4F47-A54B-64F7095DA56A}.Release|x64.Build.0 = Release|Any CPU
		{087F9860-C4F2-4F47-A54B-64F7095DA56A}.Release|x86.ActiveCfg = Release|Any CPU
		{087F9860-C4F2-4F47-A54B-64F7095DA56A}.Release|x86.Build.0 = Release|Any CPU
		{573D6F6B-096C-497C-A93B-2A336323BDEF}.Debug|Any CPU.ActiveCfg = Debug|Any CPU
		{573D6F6B-096C-497C-A93B-2A336323BDEF}.Debug|Any CPU.Build.0 = Debug|Any CPU
		{573D6F6B-096C-497C-A93B-2A336323BDEF}.Debug|x64.ActiveCfg = Debug|Any CPU
		{573D6F6B-096C-497C-A93B-2A336323BDEF}.Debug|x64.Build.0 = Debug|Any CPU
		{573D6F6B-096C-497C-A93B-2A336323BDEF}.Debug|x86.ActiveCfg = Debug|Any CPU
		{573D6F6B-096C-497C-A93B-2A336323BDEF}.Debug|x86.Build.0 = Debug|Any CPU
		{573D6F6B-096C-497C-A93B-2A336323BDEF}.Release|Any CPU.ActiveCfg = Release|Any CPU
		{573D6F6B-096C-497C-A93B-2A336323BDEF}.Release|Any CPU.Build.0 = Release|Any CPU
		{573D6F6B-096C-497C-A93B-2A336323BDEF}.Release|x64.ActiveCfg = Release|Any CPU
		{573D6F6B-096C-497C-A93B-2A336323BDEF}.Release|x64.Build.0 = Release|Any CPU
		{573D6F6B-096C-497C-A93B-2A336323BDEF}.Release|x86.ActiveCfg = Release|Any CPU
		{573D6F6B-096C-497C-A93B-2A336323BDEF}.Release|x86.Build.0 = Release|Any CPU
		{E8FDA9CA-599A-4B74-8E8F-15F9D2817EB5}.Debug|Any CPU.ActiveCfg = Debug|Any CPU
		{E8FDA9CA-599A-4B74-8E8F-15F9D2817EB5}.Debug|Any CPU.Build.0 = Debug|Any CPU
		{E8FDA9CA-599A-4B74-8E8F-15F9D2817EB5}.Debug|x64.ActiveCfg = Debug|Any CPU
		{E8FDA9CA-599A-4B74-8E8F-15F9D2817EB5}.Debug|x64.Build.0 = Debug|Any CPU
		{E8FDA9CA-599A-4B74-8E8F-15F9D2817EB5}.Debug|x86.ActiveCfg = Debug|Any CPU
		{E8FDA9CA-599A-4B74-8E8F-15F9D2817EB5}.Debug|x86.Build.0 = Debug|Any CPU
		{E8FDA9CA-599A-4B74-8E8F-15F9D2817EB5}.Release|Any CPU.ActiveCfg = Release|Any CPU
		{E8FDA9CA-599A-4B74-8E8F-15F9D2817EB5}.Release|Any CPU.Build.0 = Release|Any CPU
		{E8FDA9CA-599A-4B74-8E8F-15F9D2817EB5}.Release|x64.ActiveCfg = Release|Any CPU
		{E8FDA9CA-599A-4B74-8E8F-15F9D2817EB5}.Release|x64.Build.0 = Release|Any CPU
		{E8FDA9CA-599A-4B74-8E8F-15F9D2817EB5}.Release|x86.ActiveCfg = Release|Any CPU
		{E8FDA9CA-599A-4B74-8E8F-15F9D2817EB5}.Release|x86.Build.0 = Release|Any CPU
		{74710902-0619-49D3-8673-611BF96F9B0C}.Debug|Any CPU.ActiveCfg = Debug|Any CPU
		{74710902-0619-49D3-8673-611BF96F9B0C}.Debug|Any CPU.Build.0 = Debug|Any CPU
		{74710902-0619-49D3-8673-611BF96F9B0C}.Debug|x64.ActiveCfg = Debug|Any CPU
		{74710902-0619-49D3-8673-611BF96F9B0C}.Debug|x64.Build.0 = Debug|Any CPU
		{74710902-0619-49D3-8673-611BF96F9B0C}.Debug|x86.ActiveCfg = Debug|Any CPU
		{74710902-0619-49D3-8673-611BF96F9B0C}.Debug|x86.Build.0 = Debug|Any CPU
		{74710902-0619-49D3-8673-611BF96F9B0C}.Release|Any CPU.ActiveCfg = Release|Any CPU
		{74710902-0619-49D3-8673-611BF96F9B0C}.Release|Any CPU.Build.0 = Release|Any CPU
		{74710902-0619-49D3-8673-611BF96F9B0C}.Release|x64.ActiveCfg = Release|Any CPU
		{74710902-0619-49D3-8673-611BF96F9B0C}.Release|x64.Build.0 = Release|Any CPU
		{74710902-0619-49D3-8673-611BF96F9B0C}.Release|x86.ActiveCfg = Release|Any CPU
		{74710902-0619-49D3-8673-611BF96F9B0C}.Release|x86.Build.0 = Release|Any CPU
		{3EA010C6-E0B7-4278-8BA8-D92A821CDEA5}.Debug|Any CPU.ActiveCfg = Debug|Any CPU
		{3EA010C6-E0B7-4278-8BA8-D92A821CDEA5}.Debug|Any CPU.Build.0 = Debug|Any CPU
		{3EA010C6-E0B7-4278-8BA8-D92A821CDEA5}.Debug|x64.ActiveCfg = Debug|Any CPU
		{3EA010C6-E0B7-4278-8BA8-D92A821CDEA5}.Debug|x64.Build.0 = Debug|Any CPU
		{3EA010C6-E0B7-4278-8BA8-D92A821CDEA5}.Debug|x86.ActiveCfg = Debug|Any CPU
		{3EA010C6-E0B7-4278-8BA8-D92A821CDEA5}.Debug|x86.Build.0 = Debug|Any CPU
		{3EA010C6-E0B7-4278-8BA8-D92A821CDEA5}.Release|Any CPU.ActiveCfg = Release|Any CPU
		{3EA010C6-E0B7-4278-8BA8-D92A821CDEA5}.Release|Any CPU.Build.0 = Release|Any CPU
		{3EA010C6-E0B7-4278-8BA8-D92A821CDEA5}.Release|x64.ActiveCfg = Release|Any CPU
		{3EA010C6-E0B7-4278-8BA8-D92A821CDEA5}.Release|x64.Build.0 = Release|Any CPU
		{3EA010C6-E0B7-4278-8BA8-D92A821CDEA5}.Release|x86.ActiveCfg = Release|Any CPU
		{3EA010C6-E0B7-4278-8BA8-D92A821CDEA5}.Release|x86.Build.0 = Release|Any CPU
		{5382725B-37E2-4E14-AF62-76757E7A6FA2}.Debug|Any CPU.ActiveCfg = Debug|Any CPU
		{5382725B-37E2-4E14-AF62-76757E7A6FA2}.Debug|Any CPU.Build.0 = Debug|Any CPU
		{5382725B-37E2-4E14-AF62-76757E7A6FA2}.Debug|x64.ActiveCfg = Debug|Any CPU
		{5382725B-37E2-4E14-AF62-76757E7A6FA2}.Debug|x64.Build.0 = Debug|Any CPU
		{5382725B-37E2-4E14-AF62-76757E7A6FA2}.Debug|x86.ActiveCfg = Debug|Any CPU
		{5382725B-37E2-4E14-AF62-76757E7A6FA2}.Debug|x86.Build.0 = Debug|Any CPU
		{5382725B-37E2-4E14-AF62-76757E7A6FA2}.Release|Any CPU.ActiveCfg = Release|Any CPU
		{5382725B-37E2-4E14-AF62-76757E7A6FA2}.Release|Any CPU.Build.0 = Release|Any CPU
		{5382725B-37E2-4E14-AF62-76757E7A6FA2}.Release|x64.ActiveCfg = Release|Any CPU
		{5382725B-37E2-4E14-AF62-76757E7A6FA2}.Release|x64.Build.0 = Release|Any CPU
		{5382725B-37E2-4E14-AF62-76757E7A6FA2}.Release|x86.ActiveCfg = Release|Any CPU
		{5382725B-37E2-4E14-AF62-76757E7A6FA2}.Release|x86.Build.0 = Release|Any CPU
		{846B3F1A-4EE0-4247-AA5A-42B0066162D0}.Debug|Any CPU.ActiveCfg = Debug|Any CPU
		{846B3F1A-4EE0-4247-AA5A-42B0066162D0}.Debug|Any CPU.Build.0 = Debug|Any CPU
		{846B3F1A-4EE0-4247-AA5A-42B0066162D0}.Debug|x64.ActiveCfg = Debug|Any CPU
		{846B3F1A-4EE0-4247-AA5A-42B0066162D0}.Debug|x64.Build.0 = Debug|Any CPU
		{846B3F1A-4EE0-4247-AA5A-42B0066162D0}.Debug|x86.ActiveCfg = Debug|Any CPU
		{846B3F1A-4EE0-4247-AA5A-42B0066162D0}.Debug|x86.Build.0 = Debug|Any CPU
		{846B3F1A-4EE0-4247-AA5A-42B0066162D0}.Release|Any CPU.ActiveCfg = Release|Any CPU
		{846B3F1A-4EE0-4247-AA5A-42B0066162D0}.Release|Any CPU.Build.0 = Release|Any CPU
		{846B3F1A-4EE0-4247-AA5A-42B0066162D0}.Release|x64.ActiveCfg = Release|Any CPU
		{846B3F1A-4EE0-4247-AA5A-42B0066162D0}.Release|x64.Build.0 = Release|Any CPU
		{846B3F1A-4EE0-4247-AA5A-42B0066162D0}.Release|x86.ActiveCfg = Release|Any CPU
		{846B3F1A-4EE0-4247-AA5A-42B0066162D0}.Release|x86.Build.0 = Release|Any CPU
		{3EBEADCB-503B-4E5E-B7BE-5AE64E900659}.Debug|Any CPU.ActiveCfg = Debug|Any CPU
		{3EBEADCB-503B-4E5E-B7BE-5AE64E900659}.Debug|Any CPU.Build.0 = Debug|Any CPU
		{3EBEADCB-503B-4E5E-B7BE-5AE64E900659}.Debug|x64.ActiveCfg = Debug|Any CPU
		{3EBEADCB-503B-4E5E-B7BE-5AE64E900659}.Debug|x64.Build.0 = Debug|Any CPU
		{3EBEADCB-503B-4E5E-B7BE-5AE64E900659}.Debug|x86.ActiveCfg = Debug|Any CPU
		{3EBEADCB-503B-4E5E-B7BE-5AE64E900659}.Debug|x86.Build.0 = Debug|Any CPU
		{3EBEADCB-503B-4E5E-B7BE-5AE64E900659}.Release|Any CPU.ActiveCfg = Release|Any CPU
		{3EBEADCB-503B-4E5E-B7BE-5AE64E900659}.Release|Any CPU.Build.0 = Release|Any CPU
		{3EBEADCB-503B-4E5E-B7BE-5AE64E900659}.Release|x64.ActiveCfg = Release|Any CPU
		{3EBEADCB-503B-4E5E-B7BE-5AE64E900659}.Release|x64.Build.0 = Release|Any CPU
		{3EBEADCB-503B-4E5E-B7BE-5AE64E900659}.Release|x86.ActiveCfg = Release|Any CPU
		{3EBEADCB-503B-4E5E-B7BE-5AE64E900659}.Release|x86.Build.0 = Release|Any CPU
		{B9FCDFC0-ACC6-4641-B191-07080B6A9134}.Debug|Any CPU.ActiveCfg = Debug|Any CPU
		{B9FCDFC0-ACC6-4641-B191-07080B6A9134}.Debug|Any CPU.Build.0 = Debug|Any CPU
		{B9FCDFC0-ACC6-4641-B191-07080B6A9134}.Debug|x64.ActiveCfg = Debug|Any CPU
		{B9FCDFC0-ACC6-4641-B191-07080B6A9134}.Debug|x64.Build.0 = Debug|Any CPU
		{B9FCDFC0-ACC6-4641-B191-07080B6A9134}.Debug|x86.ActiveCfg = Debug|Any CPU
		{B9FCDFC0-ACC6-4641-B191-07080B6A9134}.Debug|x86.Build.0 = Debug|Any CPU
		{B9FCDFC0-ACC6-4641-B191-07080B6A9134}.Release|Any CPU.ActiveCfg = Release|Any CPU
		{B9FCDFC0-ACC6-4641-B191-07080B6A9134}.Release|Any CPU.Build.0 = Release|Any CPU
		{B9FCDFC0-ACC6-4641-B191-07080B6A9134}.Release|x64.ActiveCfg = Release|Any CPU
		{B9FCDFC0-ACC6-4641-B191-07080B6A9134}.Release|x64.Build.0 = Release|Any CPU
		{B9FCDFC0-ACC6-4641-B191-07080B6A9134}.Release|x86.ActiveCfg = Release|Any CPU
		{B9FCDFC0-ACC6-4641-B191-07080B6A9134}.Release|x86.Build.0 = Release|Any CPU
		{B173595B-C434-4582-B55F-28465AEEB6F1}.Debug|Any CPU.ActiveCfg = Debug|Any CPU
		{B173595B-C434-4582-B55F-28465AEEB6F1}.Debug|Any CPU.Build.0 = Debug|Any CPU
		{B173595B-C434-4582-B55F-28465AEEB6F1}.Debug|x64.ActiveCfg = Debug|Any CPU
		{B173595B-C434-4582-B55F-28465AEEB6F1}.Debug|x64.Build.0 = Debug|Any CPU
		{B173595B-C434-4582-B55F-28465AEEB6F1}.Debug|x86.ActiveCfg = Debug|Any CPU
		{B173595B-C434-4582-B55F-28465AEEB6F1}.Debug|x86.Build.0 = Debug|Any CPU
		{B173595B-C434-4582-B55F-28465AEEB6F1}.Release|Any CPU.ActiveCfg = Release|Any CPU
		{B173595B-C434-4582-B55F-28465AEEB6F1}.Release|Any CPU.Build.0 = Release|Any CPU
		{B173595B-C434-4582-B55F-28465AEEB6F1}.Release|x64.ActiveCfg = Release|Any CPU
		{B173595B-C434-4582-B55F-28465AEEB6F1}.Release|x64.Build.0 = Release|Any CPU
		{B173595B-C434-4582-B55F-28465AEEB6F1}.Release|x86.ActiveCfg = Release|Any CPU
		{B173595B-C434-4582-B55F-28465AEEB6F1}.Release|x86.Build.0 = Release|Any CPU
		{7F3341B6-96BF-4E72-B2A8-C99A4996C14C}.Debug|Any CPU.ActiveCfg = Debug|Any CPU
		{7F3341B6-96BF-4E72-B2A8-C99A4996C14C}.Debug|Any CPU.Build.0 = Debug|Any CPU
		{7F3341B6-96BF-4E72-B2A8-C99A4996C14C}.Debug|x64.ActiveCfg = Debug|Any CPU
		{7F3341B6-96BF-4E72-B2A8-C99A4996C14C}.Debug|x64.Build.0 = Debug|Any CPU
		{7F3341B6-96BF-4E72-B2A8-C99A4996C14C}.Debug|x86.ActiveCfg = Debug|Any CPU
		{7F3341B6-96BF-4E72-B2A8-C99A4996C14C}.Debug|x86.Build.0 = Debug|Any CPU
		{7F3341B6-96BF-4E72-B2A8-C99A4996C14C}.Release|Any CPU.ActiveCfg = Release|Any CPU
		{7F3341B6-96BF-4E72-B2A8-C99A4996C14C}.Release|Any CPU.Build.0 = Release|Any CPU
		{7F3341B6-96BF-4E72-B2A8-C99A4996C14C}.Release|x64.ActiveCfg = Release|Any CPU
		{7F3341B6-96BF-4E72-B2A8-C99A4996C14C}.Release|x64.Build.0 = Release|Any CPU
		{7F3341B6-96BF-4E72-B2A8-C99A4996C14C}.Release|x86.ActiveCfg = Release|Any CPU
		{7F3341B6-96BF-4E72-B2A8-C99A4996C14C}.Release|x86.Build.0 = Release|Any CPU
		{04239179-3BBD-455D-B292-72860185000A}.Debug|Any CPU.ActiveCfg = Debug|Any CPU
		{04239179-3BBD-455D-B292-72860185000A}.Debug|Any CPU.Build.0 = Debug|Any CPU
		{04239179-3BBD-455D-B292-72860185000A}.Debug|x64.ActiveCfg = Debug|Any CPU
		{04239179-3BBD-455D-B292-72860185000A}.Debug|x64.Build.0 = Debug|Any CPU
		{04239179-3BBD-455D-B292-72860185000A}.Debug|x86.ActiveCfg = Debug|Any CPU
		{04239179-3BBD-455D-B292-72860185000A}.Debug|x86.Build.0 = Debug|Any CPU
		{04239179-3BBD-455D-B292-72860185000A}.Release|Any CPU.ActiveCfg = Release|Any CPU
		{04239179-3BBD-455D-B292-72860185000A}.Release|Any CPU.Build.0 = Release|Any CPU
		{04239179-3BBD-455D-B292-72860185000A}.Release|x64.ActiveCfg = Release|Any CPU
		{04239179-3BBD-455D-B292-72860185000A}.Release|x64.Build.0 = Release|Any CPU
		{04239179-3BBD-455D-B292-72860185000A}.Release|x86.ActiveCfg = Release|Any CPU
		{04239179-3BBD-455D-B292-72860185000A}.Release|x86.Build.0 = Release|Any CPU
		{2A60AFC1-3ECF-49C7-BD7D-63B2F1D9FFFB}.Debug|Any CPU.ActiveCfg = Debug|Any CPU
		{2A60AFC1-3ECF-49C7-BD7D-63B2F1D9FFFB}.Debug|Any CPU.Build.0 = Debug|Any CPU
		{2A60AFC1-3ECF-49C7-BD7D-63B2F1D9FFFB}.Debug|x64.ActiveCfg = Debug|Any CPU
		{2A60AFC1-3ECF-49C7-BD7D-63B2F1D9FFFB}.Debug|x64.Build.0 = Debug|Any CPU
		{2A60AFC1-3ECF-49C7-BD7D-63B2F1D9FFFB}.Debug|x86.ActiveCfg = Debug|Any CPU
		{2A60AFC1-3ECF-49C7-BD7D-63B2F1D9FFFB}.Debug|x86.Build.0 = Debug|Any CPU
		{2A60AFC1-3ECF-49C7-BD7D-63B2F1D9FFFB}.Release|Any CPU.ActiveCfg = Release|Any CPU
		{2A60AFC1-3ECF-49C7-BD7D-63B2F1D9FFFB}.Release|Any CPU.Build.0 = Release|Any CPU
		{2A60AFC1-3ECF-49C7-BD7D-63B2F1D9FFFB}.Release|x64.ActiveCfg = Release|Any CPU
		{2A60AFC1-3ECF-49C7-BD7D-63B2F1D9FFFB}.Release|x64.Build.0 = Release|Any CPU
		{2A60AFC1-3ECF-49C7-BD7D-63B2F1D9FFFB}.Release|x86.ActiveCfg = Release|Any CPU
		{2A60AFC1-3ECF-49C7-BD7D-63B2F1D9FFFB}.Release|x86.Build.0 = Release|Any CPU
	EndGlobalSection
	GlobalSection(SolutionProperties) = preSolution
		HideSolutionNode = FALSE
	EndGlobalSection
	GlobalSection(NestedProjects) = preSolution
		{66502D53-BD11-4F9D-9E1C-0B5ADCCC6749} = {0B892F13-43B9-4FE0-B78C-8FB00B23E20E}
		{F9F662B8-FAFC-4A15-84D1-C780CDFF498F} = {0B892F13-43B9-4FE0-B78C-8FB00B23E20E}
		{47586B3B-FD1D-4807-8F3F-153914BD5FAC} = {0B892F13-43B9-4FE0-B78C-8FB00B23E20E}
		{EB642520-CB4C-4EC6-9237-629961D14DB6} = {0B892F13-43B9-4FE0-B78C-8FB00B23E20E}
		{B11009C8-C7B4-4B52-8921-C6D817F108F6} = {F9F662B8-FAFC-4A15-84D1-C780CDFF498F}
		{087F9860-C4F2-4F47-A54B-64F7095DA56A} = {EB642520-CB4C-4EC6-9237-629961D14DB6}
		{573D6F6B-096C-497C-A93B-2A336323BDEF} = {66502D53-BD11-4F9D-9E1C-0B5ADCCC6749}
		{E8FDA9CA-599A-4B74-8E8F-15F9D2817EB5} = {47586B3B-FD1D-4807-8F3F-153914BD5FAC}
		{74710902-0619-49D3-8673-611BF96F9B0C} = {47586B3B-FD1D-4807-8F3F-153914BD5FAC}
		{3EA010C6-E0B7-4278-8BA8-D92A821CDEA5} = {47586B3B-FD1D-4807-8F3F-153914BD5FAC}
		{5382725B-37E2-4E14-AF62-76757E7A6FA2} = {47586B3B-FD1D-4807-8F3F-153914BD5FAC}
		{846B3F1A-4EE0-4247-AA5A-42B0066162D0} = {47586B3B-FD1D-4807-8F3F-153914BD5FAC}
		{3EBEADCB-503B-4E5E-B7BE-5AE64E900659} = {47586B3B-FD1D-4807-8F3F-153914BD5FAC}
		{B9FCDFC0-ACC6-4641-B191-07080B6A9134} = {47586B3B-FD1D-4807-8F3F-153914BD5FAC}
		{B173595B-C434-4582-B55F-28465AEEB6F1} = {47586B3B-FD1D-4807-8F3F-153914BD5FAC}
		{7F3341B6-96BF-4E72-B2A8-C99A4996C14C} = {0AB3BF05-4346-4AA6-1389-037BE0695223}
		{04239179-3BBD-455D-B292-72860185000A} = {0AB3BF05-4346-4AA6-1389-037BE0695223}
		{2A60AFC1-3ECF-49C7-BD7D-63B2F1D9FFFB} = {0AB3BF05-4346-4AA6-1389-037BE0695223}
	EndGlobalSection
EndGlobal
